
Microsoft Visual Studio Solution File, Format Version 12.00
Project("{FAE04EC0-301F-11D3-BF4B-00C04F79EFBC}") = "BethanysPieShopHRM", "BethanysPieShopHRM\BethanysPieShopHRM.csproj", "{B77EFFED-C6B6-4986-A777-5150A0AE5122}"
EndProject
Global
	GlobalSection(SolutionConfigurationPlatforms) = preSolution
		Debug|Any CPU = Debug|Any CPU
		Release|Any CPU = Release|Any CPU
	EndGlobalSection
	GlobalSection(ProjectConfigurationPlatforms) = postSolution
		{B77EFFED-C6B6-4986-A777-5150A0AE5122}.Debug|Any CPU.ActiveCfg = Debug|Any CPU
		{B77EFFED-C6B6-4986-A777-5150A0AE5122}.Debug|Any CPU.Build.0 = Debug|Any CPU
		{B77EFFED-C6B6-4986-A777-5150A0AE5122}.Release|Any CPU.ActiveCfg = Release|Any CPU
		{B77EFFED-C6B6-4986-A777-5150A0AE5122}.Release|Any CPU.Build.0 = Release|Any CPU
	EndGlobalSection
EndGlobal
